
Microsoft Visual Studio Solution File, Format Version 12.00
# Visual Studio 2012
Project("{FAE04EC0-301F-11D3-BF4B-00C04F79EFBC}") = "HimsaWebsite", "HimsaWebsite\HimsaWebsite.csproj", "{71A2487F-F007-4981-9519-CF9C944ABB14}"
EndProject
Project("{FAE04EC0-301F-11D3-BF4B-00C04F79EFBC}") = "HimsaWebsite.Tests", "HimsaWebsite.Tests\HimsaWebsite.Tests.csproj", "{07E4CFDE-6F44-4330-B22A-B4529F8672B5}"
EndProject
Global
	GlobalSection(SolutionConfigurationPlatforms) = preSolution
		Debug|Any CPU = Debug|Any CPU
		Release|Any CPU = Release|Any CPU
	EndGlobalSection
	GlobalSection(ProjectConfigurationPlatforms) = postSolution
		{71A2487F-F007-4981-9519-CF9C944ABB14}.Debug|Any CPU.ActiveCfg = Debug|Any CPU
		{71A2487F-F007-4981-9519-CF9C944ABB14}.Debug|Any CPU.Build.0 = Debug|Any CPU
		{71A2487F-F007-4981-9519-CF9C944ABB14}.Release|Any CPU.ActiveCfg = Release|Any CPU
		{71A2487F-F007-4981-9519-CF9C944ABB14}.Release|Any CPU.Build.0 = Release|Any CPU
		{07E4CFDE-6F44-4330-B22A-B4529F8672B5}.Debug|Any CPU.ActiveCfg = Debug|Any CPU
		{07E4CFDE-6F44-4330-B22A-B4529F8672B5}.Debug|Any CPU.Build.0 = Debug|Any CPU
		{07E4CFDE-6F44-4330-B22A-B4529F8672B5}.Release|Any CPU.ActiveCfg = Release|Any CPU
		{07E4CFDE-6F44-4330-B22A-B4529F8672B5}.Release|Any CPU.Build.0 = Release|Any CPU
	EndGlobalSection
	GlobalSection(SolutionProperties) = preSolution
		HideSolutionNode = FALSE
	EndGlobalSection
EndGlobal
